<?xml version="1.0" encoding="utf-8"?>
<Project ToolsVersion="4.0" xmlns="http://schemas.microsoft.com/developer/msbuild/2003">
  <ItemGroup>
    <Filter Include="Tool">
      <UniqueIdentifier>{d461d67d-14bf-4c8d-88ca-5cb225a92ca5}</UniqueIdentifier>
    </Filter>
    <Filter Include="Page">
      <UniqueIdentifier>{d505d2e8-dfba-4778-9956-f8821716fc03}</UniqueIdentifier>
    </Filter>
    <Filter Include="Page\List">
      <UniqueIdentifier>{d88cd22b-fbe2-4f5e-9f4e-449096ca3dc7}</UniqueIdentifier>
    </Filter>
    <Filter Include="Page\Edit">
      <UniqueIdentifier>{c9d7656c-9642-4621-8118-a1680a016991}</UniqueIdentifier>
    </Filter>
    <Filter Include="Header">
      <UniqueIdentifier>{93995380-89BD-4b04-88EB-625FBE52EBFB}</UniqueIdentifier>
      <Extensions>h;hh;hpp;hxx;h++;hm;inl;inc;ipp;xsd</Extensions>
    </Filter>
    <Filter Include="Source">
      <UniqueIdentifier>{4FC737F1-C7A5-4376-A066-2A32D752A2FF}</UniqueIdentifier>
      <Extensions>cpp;c;cc;cxx;c++;cppm;ixx;def;odl;idl;hpj;bat;asm;asmx</Extensions>
    </Filter>
    <Filter Include="Resource">
      <UniqueIdentifier>{67DA6AB6-F800-4c08-8B7A-83BB121AAD01}</UniqueIdentifier>
      <Extensions>rc;ico;cur;bmp;dlg;rc2;rct;bin;rgs;gif;jpg;jpeg;jpe;resx;tiff;tif;png;wav;mfcribbon-ms</Extensions>
    </Filter>
    <Filter Include="Tool\Dialog">
      <UniqueIdentifier>{912e7bcc-2a62-48b6-97b7-94a9d11a317b}</UniqueIdentifier>
    </Filter>
    <Filter Include="Tool\App">
      <UniqueIdentifier>{7242d5b5-ca2e-41ff-a290-ac8df803ee3b}</UniqueIdentifier>
    </Filter>
    <Filter Include="Page\About">
      <UniqueIdentifier>{de37dfba-af83-4bbd-9535-26f6bb53d032}</UniqueIdentifier>
    </Filter>
    <Filter Include="Tool\String">
      <UniqueIdentifier>{91a68dcb-2fe4-4da8-9d2a-3cd4dc325b32}</UniqueIdentifier>
    </Filter>
    <Filter Include="Tool\Display">
      <UniqueIdentifier>{7c230585-ffc9-4eda-892f-8267105263e5}</UniqueIdentifier>
    </Filter>
    <Filter Include="Tool\Log">
      <UniqueIdentifier>{2eb961fb-11f8-42c2-8450-d684a6578945}</UniqueIdentifier>
    </Filter>
  </ItemGroup>
  <ItemGroup>
    <ClInclude Include="framework.h">
      <Filter>Header</Filter>
    </ClInclude>
    <ClInclude Include="targetver.h">
      <Filter>Header</Filter>
    </ClInclude>
    <ClInclude Include="Resource.h">
      <Filter>Header</Filter>
    </ClInclude>
    <ClInclude Include="listpage.h">
      <Filter>Page\List</Filter>
    </ClInclude>
    <ClInclude Include="editpage.h">
      <Filter>Page\Edit</Filter>
    </ClInclude>
    <ClInclude Include="dialog.h">
      <Filter>Tool\Dialog</Filter>
    </ClInclude>
    <ClInclude Include="utils.h">
      <Filter>Tool</Filter>
    </ClInclude>
    <ClInclude Include="StringConvert.h">
      <Filter>Tool\String</Filter>
    </ClInclude>
    <ClInclude Include="displayutils.h">
      <Filter>Tool\Display</Filter>
    </ClInclude>
    <ClInclude Include="KLog.h">
      <Filter>Tool\Log</Filter>
    </ClInclude>
  </ItemGroup>
  <ItemGroup>
    <ClCompile Include="listpage.cpp">
      <Filter>Page\List</Filter>
    </ClCompile>
    <ClCompile Include="editpage.cpp">
      <Filter>Page\Edit</Filter>
    </ClCompile>
    <ClCompile Include="dialog.cpp">
      <Filter>Tool\Dialog</Filter>
    </ClCompile>
    <ClCompile Include="StringConvert.cpp">
      <Filter>Tool\String</Filter>
    </ClCompile>
    <ClCompile Include="displayutils.cpp">
      <Filter>Tool\Display</Filter>
    </ClCompile>
  </ItemGroup>
  <ItemGroup>
    <ResourceCompile Include="Diary.rc">
      <Filter>Resource</Filter>
    </ResourceCompile>
  </ItemGroup>
  <ItemGroup>
    <Image Include="small.ico">
      <Filter>Resource</Filter>
    </Image>
    <Image Include="Diary.ico">
      <Filter>Resource</Filter>
    </Image>
  </ItemGroup>
</Project>